// !$*UTF8*$!
{
	archiveVersion = 1;
	classes = {
	};
	objectVersion = 48;
	objects = {

/* Begin PBXBuildFile section */
		5A37DDCB20552BA20086A294 /* EvaluatorExtensions.swift in Sources */ = {isa = PBXBuildFile; fileRef = 5A37DDCA20552BA20086A294 /* EvaluatorExtensions.swift */; };
		5A37DDCD20552DEE0086A294 /* UserSettings.swift in Sources */ = {isa = PBXBuildFile; fileRef = 5A37DDCC20552DEE0086A294 /* UserSettings.swift */; };
		5A37DDCF205539010086A294 /* StringExtensions.swift in Sources */ = {isa = PBXBuildFile; fileRef = 5A37DDCE205539010086A294 /* StringExtensions.swift */; };
		5A3A74482062EC8B002CAC17 /* ResultsController.swift in Sources */ = {isa = PBXBuildFile; fileRef = 5A3A74472062EC8B002CAC17 /* ResultsController.swift */; };
		5A3B05682070CB79006BB974 /* OperationExtensions.swift in Sources */ = {isa = PBXBuildFile; fileRef = 5A3B05672070CB79006BB974 /* OperationExtensions.swift */; };
		5A3CA800205D1392002367E9 /* MySplitViewController.swift in Sources */ = {isa = PBXBuildFile; fileRef = 5A3CA7FF205D1392002367E9 /* MySplitViewController.swift */; };
		5A3CA802205D13F8002367E9 /* OperationController.swift in Sources */ = {isa = PBXBuildFile; fileRef = 5A3CA801205D13F8002367E9 /* OperationController.swift */; };
		5A3CA804205D18FD002367E9 /* Threading.swift in Sources */ = {isa = PBXBuildFile; fileRef = 5A3CA803205D18FD002367E9 /* Threading.swift */; };
		5A3CA806205D2880002367E9 /* ArrayExtensions.swift in Sources */ = {isa = PBXBuildFile; fileRef = 5A3CA805205D2880002367E9 /* ArrayExtensions.swift */; };
		5A3CA808205D30C3002367E9 /* DataPasserController.swift in Sources */ = {isa = PBXBuildFile; fileRef = 5A3CA807205D30C3002367E9 /* DataPasserController.swift */; };
		5A3CF8A62067AE910036B161 /* SettingsController.swift in Sources */ = {isa = PBXBuildFile; fileRef = 5A3CF8A52067AE910036B161 /* SettingsController.swift */; };
		5A3D0E20205C6052005313E7 /* operations.json in Resources */ = {isa = PBXBuildFile; fileRef = 5A3D0E1F205C6052005313E7 /* operations.json */; };
		5AEBB0CC205407B800008359 /* AppDelegate.swift in Sources */ = {isa = PBXBuildFile; fileRef = 5AEBB0CB205407B800008359 /* AppDelegate.swift */; };
		5AEBB0CE205407B800008359 /* OperationsListController.swift in Sources */ = {isa = PBXBuildFile; fileRef = 5AEBB0CD205407B800008359 /* OperationsListController.swift */; };
		5AEBB0D1205407B800008359 /* Main.storyboard in Resources */ = {isa = PBXBuildFile; fileRef = 5AEBB0CF205407B800008359 /* Main.storyboard */; };
		5AEBB0D3205407B800008359 /* Assets.xcassets in Resources */ = {isa = PBXBuildFile; fileRef = 5AEBB0D2205407B800008359 /* Assets.xcassets */; };
		5AEBB0D6205407B800008359 /* LaunchScreen.storyboard in Resources */ = {isa = PBXBuildFile; fileRef = 5AEBB0D4205407B800008359 /* LaunchScreen.storyboard */; };
		5AEBB0DE2054082900008359 /* Operation.swift in Sources */ = {isa = PBXBuildFile; fileRef = 5AEBB0DD2054082900008359 /* Operation.swift */; };
		7C50E36256D8E1D4DBBC840C /* Pods_MathToolkit.framework in Frameworks */ = {isa = PBXBuildFile; fileRef = AEF8D2D721900460381D04F4 /* Pods_MathToolkit.framework */; };
/* End PBXBuildFile section */

/* Begin PBXFileReference section */
		3DEAC98FF11E4621615F6EDA /* Pods-MathToolkit.debug.xcconfig */ = {isa = PBXFileReference; includeInIndex = 1; lastKnownFileType = text.xcconfig; name = "Pods-MathToolkit.debug.xcconfig"; path = "Pods/Target Support Files/Pods-MathToolkit/Pods-MathToolkit.debug.xcconfig"; sourceTree = "<group>"; };
		5A37DDCA20552BA20086A294 /* EvaluatorExtensions.swift */ = {isa = PBXFileReference; lastKnownFileType = sourcecode.swift; path = EvaluatorExtensions.swift; sourceTree = "<group>"; };
		5A37DDCC20552DEE0086A294 /* UserSettings.swift */ = {isa = PBXFileReference; lastKnownFileType = sourcecode.swift; path = UserSettings.swift; sourceTree = "<group>"; };
		5A37DDCE205539010086A294 /* StringExtensions.swift */ = {isa = PBXFileReference; lastKnownFileType = sourcecode.swift; path = StringExtensions.swift; sourceTree = "<group>"; };
		5A3A74472062EC8B002CAC17 /* ResultsController.swift */ = {isa = PBXFileReference; lastKnownFileType = sourcecode.swift; path = ResultsController.swift; sourceTree = "<group>"; };
		5A3B05672070CB79006BB974 /* OperationExtensions.swift */ = {isa = PBXFileReference; lastKnownFileType = sourcecode.swift; path = OperationExtensions.swift; sourceTree = "<group>"; };
		5A3CA7FF205D1392002367E9 /* MySplitViewController.swift */ = {isa = PBXFileReference; lastKnownFileType = sourcecode.swift; path = MySplitViewController.swift; sourceTree = "<group>"; };
		5A3CA801205D13F8002367E9 /* OperationController.swift */ = {isa = PBXFileReference; lastKnownFileType = sourcecode.swift; path = OperationController.swift; sourceTree = "<group>"; };
		5A3CA803205D18FD002367E9 /* Threading.swift */ = {isa = PBXFileReference; lastKnownFileType = sourcecode.swift; path = Threading.swift; sourceTree = "<group>"; };
		5A3CA805205D2880002367E9 /* ArrayExtensions.swift */ = {isa = PBXFileReference; lastKnownFileType = sourcecode.swift; path = ArrayExtensions.swift; sourceTree = "<group>"; };
		5A3CA807205D30C3002367E9 /* DataPasserController.swift */ = {isa = PBXFileReference; lastKnownFileType = sourcecode.swift; path = DataPasserController.swift; sourceTree = "<group>"; };
		5A3CF8A52067AE910036B161 /* SettingsController.swift */ = {isa = PBXFileReference; lastKnownFileType = sourcecode.swift; path = SettingsController.swift; sourceTree = "<group>"; };
		5A3D0E1F205C6052005313E7 /* operations.json */ = {isa = PBXFileReference; lastKnownFileType = text.json; path = operations.json; sourceTree = "<group>"; };
		5AEBB0C8205407B800008359 /* MathToolkit.app */ = {isa = PBXFileReference; explicitFileType = wrapper.application; includeInIndex = 0; path = MathToolkit.app; sourceTree = BUILT_PRODUCTS_DIR; };
		5AEBB0CB205407B800008359 /* AppDelegate.swift */ = {isa = PBXFileReference; lastKnownFileType = sourcecode.swift; path = AppDelegate.swift; sourceTree = "<group>"; };
		5AEBB0CD205407B800008359 /* OperationsListController.swift */ = {isa = PBXFileReference; lastKnownFileType = sourcecode.swift; path = OperationsListController.swift; sourceTree = "<group>"; };
		5AEBB0D0205407B800008359 /* Base */ = {isa = PBXFileReference; lastKnownFileType = file.storyboard; name = Base; path = Base.lproj/Main.storyboard; sourceTree = "<group>"; };
		5AEBB0D2205407B800008359 /* Assets.xcassets */ = {isa = PBXFileReference; lastKnownFileType = folder.assetcatalog; path = Assets.xcassets; sourceTree = "<group>"; };
		5AEBB0D5205407B800008359 /* Base */ = {isa = PBXFileReference; lastKnownFileType = file.storyboard; name = Base; path = Base.lproj/LaunchScreen.storyboard; sourceTree = "<group>"; };
		5AEBB0D7205407B800008359 /* Info.plist */ = {isa = PBXFileReference; lastKnownFileType = text.plist.xml; path = Info.plist; sourceTree = "<group>"; };
		5AEBB0DD2054082900008359 /* Operation.swift */ = {isa = PBXFileReference; lastKnownFileType = sourcecode.swift; path = Operation.swift; sourceTree = "<group>"; };
		7762BBA5F1E0FB88AAC881AE /* Pods-MathToolkit.release.xcconfig */ = {isa = PBXFileReference; includeInIndex = 1; lastKnownFileType = text.xcconfig; name = "Pods-MathToolkit.release.xcconfig"; path = "Pods/Target Support Files/Pods-MathToolkit/Pods-MathToolkit.release.xcconfig"; sourceTree = "<group>"; };
		AEF8D2D721900460381D04F4 /* Pods_MathToolkit.framework */ = {isa = PBXFileReference; explicitFileType = wrapper.framework; includeInIndex = 0; path = Pods_MathToolkit.framework; sourceTree = BUILT_PRODUCTS_DIR; };
/* End PBXFileReference section */

/* Begin PBXFrameworksBuildPhase section */
		5AEBB0C5205407B800008359 /* Frameworks */ = {
			isa = PBXFrameworksBuildPhase;
			buildActionMask = 2147483647;
			files = (
				7C50E36256D8E1D4DBBC840C /* Pods_MathToolkit.framework in Frameworks */,
			);
			runOnlyForDeploymentPostprocessing = 0;
		};
/* End PBXFrameworksBuildPhase section */

/* Begin PBXGroup section */
		5AEBB0BF205407B800008359 = {
			isa = PBXGroup;
			children = (
				5AEBB0CA205407B800008359 /* MathToolkit */,
				5AEBB0C9205407B800008359 /* Products */,
				5FE8E59B11FE5FD9C62D2C1F /* Pods */,
				D0BADD5E2C3B66421FFF2E64 /* Frameworks */,
			);
			sourceTree = "<group>";
		};
		5AEBB0C9205407B800008359 /* Products */ = {
			isa = PBXGroup;
			children = (
				5AEBB0C8205407B800008359 /* MathToolkit.app */,
			);
			name = Products;
			sourceTree = "<group>";
		};
		5AEBB0CA205407B800008359 /* MathToolkit */ = {
			isa = PBXGroup;
			children = (
				5AEBB0CB205407B800008359 /* AppDelegate.swift */,
				5AEBB0CD205407B800008359 /* OperationsListController.swift */,
				5A3CA7FF205D1392002367E9 /* MySplitViewController.swift */,
				5A3CA807205D30C3002367E9 /* DataPasserController.swift */,
				5A3CA801205D13F8002367E9 /* OperationController.swift */,
				5A3A74472062EC8B002CAC17 /* ResultsController.swift */,
				5A3CF8A52067AE910036B161 /* SettingsController.swift */,
				5AEBB0CF205407B800008359 /* Main.storyboard */,
				5AEBB0D2205407B800008359 /* Assets.xcassets */,
				5AEBB0D4205407B800008359 /* LaunchScreen.storyboard */,
				5AEBB0D7205407B800008359 /* Info.plist */,
				5AEBB0DD2054082900008359 /* Operation.swift */,
				5A3B05672070CB79006BB974 /* OperationExtensions.swift */,
				5A37DDCA20552BA20086A294 /* EvaluatorExtensions.swift */,
				5A37DDCE205539010086A294 /* StringExtensions.swift */,
				5A3CA805205D2880002367E9 /* ArrayExtensions.swift */,
				5A37DDCC20552DEE0086A294 /* UserSettings.swift */,
				5A3CA803205D18FD002367E9 /* Threading.swift */,
				5A3D0E1F205C6052005313E7 /* operations.json */,
			);
			path = MathToolkit;
			sourceTree = "<group>";
		};
		5FE8E59B11FE5FD9C62D2C1F /* Pods */ = {
			isa = PBXGroup;
			children = (
				3DEAC98FF11E4621615F6EDA /* Pods-MathToolkit.debug.xcconfig */,
				7762BBA5F1E0FB88AAC881AE /* Pods-MathToolkit.release.xcconfig */,
			);
			name = Pods;
			sourceTree = "<group>";
		};
		D0BADD5E2C3B66421FFF2E64 /* Frameworks */ = {
			isa = PBXGroup;
			children = (
				AEF8D2D721900460381D04F4 /* Pods_MathToolkit.framework */,
			);
			name = Frameworks;
			sourceTree = "<group>";
		};
/* End PBXGroup section */

/* Begin PBXNativeTarget section */
		5AEBB0C7205407B800008359 /* MathToolkit */ = {
			isa = PBXNativeTarget;
			buildConfigurationList = 5AEBB0DA205407B800008359 /* Build configuration list for PBXNativeTarget "MathToolkit" */;
			buildPhases = (
				6D9C237EB8A1FF8C802FBE38 /* [CP] Check Pods Manifest.lock */,
				5AEBB0C4205407B800008359 /* Sources */,
				5AEBB0C5205407B800008359 /* Frameworks */,
				5AEBB0C6205407B800008359 /* Resources */,
				91772F90BCD5C2D3FBADD4CD /* [CP] Embed Pods Frameworks */,
				2CFBEED8C9D3FCC2841DCCD3 /* [CP] Copy Pods Resources */,
			);
			buildRules = (
			);
			dependencies = (
			);
			name = MathToolkit;
			productName = MathToolkit;
			productReference = 5AEBB0C8205407B800008359 /* MathToolkit.app */;
			productType = "com.apple.product-type.application";
		};
/* End PBXNativeTarget section */

/* Begin PBXProject section */
		5AEBB0C0205407B800008359 /* Project object */ = {
			isa = PBXProject;
			attributes = {
				LastSwiftUpdateCheck = 0910;
				LastUpgradeCheck = 0910;
				ORGANIZATIONNAME = "Mulang Su";
				TargetAttributes = {
					5AEBB0C7205407B800008359 = {
						CreatedOnToolsVersion = 9.1;
						ProvisioningStyle = Automatic;
					};
				};
			};
			buildConfigurationList = 5AEBB0C3205407B800008359 /* Build configuration list for PBXProject "MathToolkit" */;
			compatibilityVersion = "Xcode 8.0";
			developmentRegion = en;
			hasScannedForEncodings = 0;
			knownRegions = (
				en,
				Base,
			);
			mainGroup = 5AEBB0BF205407B800008359;
			productRefGroup = 5AEBB0C9205407B800008359 /* Products */;
			projectDirPath = "";
			projectRoot = "";
			targets = (
				5AEBB0C7205407B800008359 /* MathToolkit */,
			);
		};
/* End PBXProject section */

/* Begin PBXResourcesBuildPhase section */
		5AEBB0C6205407B800008359 /* Resources */ = {
			isa = PBXResourcesBuildPhase;
			buildActionMask = 2147483647;
			files = (
				5AEBB0D6205407B800008359 /* LaunchScreen.storyboard in Resources */,
				5AEBB0D3205407B800008359 /* Assets.xcassets in Resources */,
				5AEBB0D1205407B800008359 /* Main.storyboard in Resources */,
				5A3D0E20205C6052005313E7 /* operations.json in Resources */,
			);
			runOnlyForDeploymentPostprocessing = 0;
		};
/* End PBXResourcesBuildPhase section */

/* Begin PBXShellScriptBuildPhase section */
		2CFBEED8C9D3FCC2841DCCD3 /* [CP] Copy Pods Resources */ = {
			isa = PBXShellScriptBuildPhase;
			buildActionMask = 2147483647;
			files = (
			);
			inputPaths = (
			);
			name = "[CP] Copy Pods Resources";
			outputPaths = (
			);
			runOnlyForDeploymentPostprocessing = 0;
			shellPath = /bin/sh;
			shellScript = "\"${SRCROOT}/Pods/Target Support Files/Pods-MathToolkit/Pods-MathToolkit-resources.sh\"\n";
			showEnvVarsInLog = 0;
		};
		6D9C237EB8A1FF8C802FBE38 /* [CP] Check Pods Manifest.lock */ = {
			isa = PBXShellScriptBuildPhase;
			buildActionMask = 2147483647;
			files = (
			);
			inputPaths = (
				"${PODS_PODFILE_DIR_PATH}/Podfile.lock",
				"${PODS_ROOT}/Manifest.lock",
			);
			name = "[CP] Check Pods Manifest.lock";
			outputPaths = (
				"$(DERIVED_FILE_DIR)/Pods-MathToolkit-checkManifestLockResult.txt",
			);
			runOnlyForDeploymentPostprocessing = 0;
			shellPath = /bin/sh;
			shellScript = "diff \"${PODS_PODFILE_DIR_PATH}/Podfile.lock\" \"${PODS_ROOT}/Manifest.lock\" > /dev/null\nif [ $? != 0 ] ; then\n    # print error to STDERR\n    echo \"error: The sandbox is not in sync with the Podfile.lock. Run 'pod install' or update your CocoaPods installation.\" >&2\n    exit 1\nfi\n# This output is used by Xcode 'outputs' to avoid re-running this script phase.\necho \"SUCCESS\" > \"${SCRIPT_OUTPUT_FILE_0}\"\n";
			showEnvVarsInLog = 0;
		};
		91772F90BCD5C2D3FBADD4CD /* [CP] Embed Pods Frameworks */ = {
			isa = PBXShellScriptBuildPhase;
			buildActionMask = 2147483647;
			files = (
			);
			inputPaths = (
				"${SRCROOT}/Pods/Target Support Files/Pods-MathToolkit/Pods-MathToolkit-frameworks.sh",
				"${BUILT_PRODUCTS_DIR}/DDMathParser/MathParser.framework",
				"${BUILT_PRODUCTS_DIR}/EZLoadingActivity/EZLoadingActivity.framework",
				"${BUILT_PRODUCTS_DIR}/Eureka/Eureka.framework",
				"${BUILT_PRODUCTS_DIR}/MGSwipeTableCell/MGSwipeTableCell.framework",
				"${BUILT_PRODUCTS_DIR}/RFKeyboardToolbar/RFKeyboardToolbar.framework",
				"${BUILT_PRODUCTS_DIR}/Regexer/Regexer.framework",
				"${BUILT_PRODUCTS_DIR}/RxCocoa/RxCocoa.framework",
				"${BUILT_PRODUCTS_DIR}/RxSwift/RxSwift.framework",
				"${BUILT_PRODUCTS_DIR}/SCLAlertView/SCLAlertView.framework",
				"${BUILT_PRODUCTS_DIR}/SwiftRandom/SwiftRandom.framework",
				"${BUILT_PRODUCTS_DIR}/SwiftyUtils/SwiftyUtils.framework",
				"${BUILT_PRODUCTS_DIR}/ViewRow/ViewRow.framework",
			);
			name = "[CP] Embed Pods Frameworks";
			outputPaths = (
				"${TARGET_BUILD_DIR}/${FRAMEWORKS_FOLDER_PATH}/MathParser.framework",
				"${TARGET_BUILD_DIR}/${FRAMEWORKS_FOLDER_PATH}/EZLoadingActivity.framework",
				"${TARGET_BUILD_DIR}/${FRAMEWORKS_FOLDER_PATH}/Eureka.framework",
				"${TARGET_BUILD_DIR}/${FRAMEWORKS_FOLDER_PATH}/MGSwipeTableCell.framework",
				"${TARGET_BUILD_DIR}/${FRAMEWORKS_FOLDER_PATH}/RFKeyboardToolbar.framework",
				"${TARGET_BUILD_DIR}/${FRAMEWORKS_FOLDER_PATH}/Regexer.framework",
				"${TARGET_BUILD_DIR}/${FRAMEWORKS_FOLDER_PATH}/RxCocoa.framework",
				"${TARGET_BUILD_DIR}/${FRAMEWORKS_FOLDER_PATH}/RxSwift.framework",
				"${TARGET_BUILD_DIR}/${FRAMEWORKS_FOLDER_PATH}/SCLAlertView.framework",
				"${TARGET_BUILD_DIR}/${FRAMEWORKS_FOLDER_PATH}/SwiftRandom.framework",
				"${TARGET_BUILD_DIR}/${FRAMEWORKS_FOLDER_PATH}/SwiftyUtils.framework",
				"${TARGET_BUILD_DIR}/${FRAMEWORKS_FOLDER_PATH}/ViewRow.framework",
			);
			runOnlyForDeploymentPostprocessing = 0;
			shellPath = /bin/sh;
			shellScript = "\"${SRCROOT}/Pods/Target Support Files/Pods-MathToolkit/Pods-MathToolkit-frameworks.sh\"\n";
			showEnvVarsInLog = 0;
		};
/* End PBXShellScriptBuildPhase section */

/* Begin PBXSourcesBuildPhase section */
		5AEBB0C4205407B800008359 /* Sources */ = {
			isa = PBXSourcesBuildPhase;
			buildActionMask = 2147483647;
			files = (
				5A3CA808205D30C3002367E9 /* DataPasserController.swift in Sources */,
				5A3CF8A62067AE910036B161 /* SettingsController.swift in Sources */,
				5A37DDCF205539010086A294 /* StringExtensions.swift in Sources */,
				5A3CA806205D2880002367E9 /* ArrayExtensions.swift in Sources */,
				5A3CA802205D13F8002367E9 /* OperationController.swift in Sources */,
				5AEBB0CE205407B800008359 /* OperationsListController.swift in Sources */,
				5A3CA800205D1392002367E9 /* MySplitViewController.swift in Sources */,
				5A3B05682070CB79006BB974 /* OperationExtensions.swift in Sources */,
				5A3CA804205D18FD002367E9 /* Threading.swift in Sources */,
				5AEBB0CC205407B800008359 /* AppDelegate.swift in Sources */,
				5A3A74482062EC8B002CAC17 /* ResultsController.swift in Sources */,
				5AEBB0DE2054082900008359 /* Operation.swift in Sources */,
				5A37DDCD20552DEE0086A294 /* UserSettings.swift in Sources */,
				5A37DDCB20552BA20086A294 /* EvaluatorExtensions.swift in Sources */,
			);
			runOnlyForDeploymentPostprocessing = 0;
		};
/* End PBXSourcesBuildPhase section */

/* Begin PBXVariantGroup section */
		5AEBB0CF205407B800008359 /* Main.storyboard */ = {
			isa = PBXVariantGroup;
			children = (
				5AEBB0D0205407B800008359 /* Base */,
			);
			name = Main.storyboard;
			sourceTree = "<group>";
		};
		5AEBB0D4205407B800008359 /* LaunchScreen.storyboard */ = {
			isa = PBXVariantGroup;
			children = (
				5AEBB0D5205407B800008359 /* Base */,
			);
			name = LaunchScreen.storyboard;
			sourceTree = "<group>";
		};
/* End PBXVariantGroup section */

/* Begin XCBuildConfiguration section */
		5AEBB0D8205407B800008359 /* Debug */ = {
			isa = XCBuildConfiguration;
			buildSettings = {
				ALWAYS_SEARCH_USER_PATHS = NO;
				CLANG_ANALYZER_NONNULL = YES;
				CLANG_ANALYZER_NUMBER_OBJECT_CONVERSION = YES_AGGRESSIVE;
				CLANG_CXX_LANGUAGE_STANDARD = "gnu++14";
				CLANG_CXX_LIBRARY = "libc++";
				CLANG_ENABLE_MODULES = YES;
				CLANG_ENABLE_OBJC_ARC = YES;
				CLANG_WARN_BLOCK_CAPTURE_AUTORELEASING = YES;
				CLANG_WARN_BOOL_CONVERSION = YES;
				CLANG_WARN_COMMA = YES;
				CLANG_WARN_CONSTANT_CONVERSION = YES;
				CLANG_WARN_DIRECT_OBJC_ISA_USAGE = YES_ERROR;
				CLANG_WARN_DOCUMENTATION_COMMENTS = YES;
				CLANG_WARN_EMPTY_BODY = YES;
				CLANG_WARN_ENUM_CONVERSION = YES;
				CLANG_WARN_INFINITE_RECURSION = YES;
				CLANG_WARN_INT_CONVERSION = YES;
				CLANG_WARN_NON_LITERAL_NULL_CONVERSION = YES;
				CLANG_WARN_OBJC_LITERAL_CONVERSION = YES;
				CLANG_WARN_OBJC_ROOT_CLASS = YES_ERROR;
				CLANG_WARN_RANGE_LOOP_ANALYSIS = YES;
				CLANG_WARN_STRICT_PROTOTYPES = YES;
				CLANG_WARN_SUSPICIOUS_MOVE = YES;
				CLANG_WARN_UNGUARDED_AVAILABILITY = YES_AGGRESSIVE;
				CLANG_WARN_UNREACHABLE_CODE = YES;
				CLANG_WARN__DUPLICATE_METHOD_MATCH = YES;
				CODE_SIGN_IDENTITY = "iPhone Developer";
				COPY_PHASE_STRIP = NO;
				DEBUG_INFORMATION_FORMAT = dwarf;
				ENABLE_STRICT_OBJC_MSGSEND = YES;
				ENABLE_TESTABILITY = YES;
				GCC_C_LANGUAGE_STANDARD = gnu11;
				GCC_DYNAMIC_NO_PIC = NO;
				GCC_NO_COMMON_BLOCKS = YES;
				GCC_OPTIMIZATION_LEVEL = 0;
				GCC_PREPROCESSOR_DEFINITIONS = (
					"DEBUG=1",
					"$(inherited)",
				);
				GCC_WARN_64_TO_32_BIT_CONVERSION = YES;
				GCC_WARN_ABOUT_RETURN_TYPE = YES_ERROR;
				GCC_WARN_UNDECLARED_SELECTOR = YES;
				GCC_WARN_UNINITIALIZED_AUTOS = YES_AGGRESSIVE;
				GCC_WARN_UNUSED_FUNCTION = YES;
				GCC_WARN_UNUSED_VARIABLE = YES;
				IPHONEOS_DEPLOYMENT_TARGET = 11.1;
				MTL_ENABLE_DEBUG_INFO = YES;
				ONLY_ACTIVE_ARCH = YES;
				SDKROOT = iphoneos;
				SWIFT_ACTIVE_COMPILATION_CONDITIONS = DEBUG;
				SWIFT_OPTIMIZATION_LEVEL = "-Onone";
			};
			name = Debug;
		};
		5AEBB0D9205407B800008359 /* Release */ = {
			isa = XCBuildConfiguration;
			buildSettings = {
				ALWAYS_SEARCH_USER_PATHS = NO;
				CLANG_ANALYZER_NONNULL = YES;
				CLANG_ANALYZER_NUMBER_OBJECT_CONVERSION = YES_AGGRESSIVE;
				CLANG_CXX_LANGUAGE_STANDARD = "gnu++14";
				CLANG_CXX_LIBRARY = "libc++";
				CLANG_ENABLE_MODULES = YES;
				CLANG_ENABLE_OBJC_ARC = YES;
				CLANG_WARN_BLOCK_CAPTURE_AUTORELEASING = YES;
				CLANG_WARN_BOOL_CONVERSION = YES;
				CLANG_WARN_COMMA = YES;
				CLANG_WARN_CONSTANT_CONVERSION = YES;
				CLANG_WARN_DIRECT_OBJC_ISA_USAGE = YES_ERROR;
				CLANG_WARN_DOCUMENTATION_COMMENTS = YES;
				CLANG_WARN_EMPTY_BODY = YES;
				CLANG_WARN_ENUM_CONVERSION = YES;
				CLANG_WARN_INFINITE_RECURSION = YES;
				CLANG_WARN_INT_CONVERSION = YES;
				CLANG_WARN_NON_LITERAL_NULL_CONVERSION = YES;
				CLANG_WARN_OBJC_LITERAL_CONVERSION = YES;
				CLANG_WARN_OBJC_ROOT_CLASS = YES_ERROR;
				CLANG_WARN_RANGE_LOOP_ANALYSIS = YES;
				CLANG_WARN_STRICT_PROTOTYPES = YES;
				CLANG_WARN_SUSPICIOUS_MOVE = YES;
				CLANG_WARN_UNGUARDED_AVAILABILITY = YES_AGGRESSIVE;
				CLANG_WARN_UNREACHABLE_CODE = YES;
				CLANG_WARN__DUPLICATE_METHOD_MATCH = YES;
				CODE_SIGN_IDENTITY = "iPhone Developer";
				COPY_PHASE_STRIP = NO;
				DEBUG_INFORMATION_FORMAT = "dwarf-with-dsym";
				ENABLE_NS_ASSERTIONS = NO;
				ENABLE_STRICT_OBJC_MSGSEND = YES;
				GCC_C_LANGUAGE_STANDARD = gnu11;
				GCC_NO_COMMON_BLOCKS = YES;
				GCC_WARN_64_TO_32_BIT_CONVERSION = YES;
				GCC_WARN_ABOUT_RETURN_TYPE = YES_ERROR;
				GCC_WARN_UNDECLARED_SELECTOR = YES;
				GCC_WARN_UNINITIALIZED_AUTOS = YES_AGGRESSIVE;
				GCC_WARN_UNUSED_FUNCTION = YES;
				GCC_WARN_UNUSED_VARIABLE = YES;
				IPHONEOS_DEPLOYMENT_TARGET = 11.1;
				MTL_ENABLE_DEBUG_INFO = NO;
				SDKROOT = iphoneos;
				SWIFT_OPTIMIZATION_LEVEL = "-Owholemodule";
				VALIDATE_PRODUCT = YES;
			};
			name = Release;
		};
		5AEBB0DB205407B800008359 /* Debug */ = {
			isa = XCBuildConfiguration;
			baseConfigurationReference = 3DEAC98FF11E4621615F6EDA /* Pods-MathToolkit.debug.xcconfig */;
			buildSettings = {
				ASSETCATALOG_COMPILER_APPICON_NAME = AppIcon;
				CODE_SIGN_STYLE = Automatic;
				DEVELOPMENT_TEAM = E9MW74DJ4Y;
				INFOPLIST_FILE = MathToolkit/Info.plist;
				IPHONEOS_DEPLOYMENT_TARGET = 9.0;
				LD_RUNPATH_SEARCH_PATHS = "$(inherited) @executable_path/Frameworks";
				PRODUCT_BUNDLE_IDENTIFIER = io.github.sweeper777.MathToolkit;
				PRODUCT_NAME = "$(TARGET_NAME)";
				SWIFT_VERSION = 4.0;
				TARGETED_DEVICE_FAMILY = "1,2";
			};
			name = Debug;
		};
		5AEBB0DC205407B800008359 /* Release */ = {
			isa = XCBuildConfiguration;
			baseConfigurationReference = 7762BBA5F1E0FB88AAC881AE /* Pods-MathToolkit.release.xcconfig */;
			buildSettings = {
				ASSETCATALOG_COMPILER_APPICON_NAME = AppIcon;
				CODE_SIGN_STYLE = Automatic;
				DEVELOPMENT_TEAM = E9MW74DJ4Y;
				INFOPLIST_FILE = MathToolkit/Info.plist;
				IPHONEOS_DEPLOYMENT_TARGET = 9.0;
				LD_RUNPATH_SEARCH_PATHS = "$(inherited) @executable_path/Frameworks";
				PRODUCT_BUNDLE_IDENTIFIER = io.github.sweeper777.MathToolkit;
				PRODUCT_NAME = "$(TARGET_NAME)";
				SWIFT_VERSION = 4.0;
				TARGETED_DEVICE_FAMILY = "1,2";
			};
			name = Release;
		};
/* End XCBuildConfiguration section */

/* Begin XCConfigurationList section */
		5AEBB0C3205407B800008359 /* Build configuration list for PBXProject "MathToolkit" */ = {
			isa = XCConfigurationList;
			buildConfigurations = (
				5AEBB0D8205407B800008359 /* Debug */,
				5AEBB0D9205407B800008359 /* Release */,
			);
			defaultConfigurationIsVisible = 0;
			defaultConfigurationName = Release;
		};
		5AEBB0DA205407B800008359 /* Build configuration list for PBXNativeTarget "MathToolkit" */ = {
			isa = XCConfigurationList;
			buildConfigurations = (
				5AEBB0DB205407B800008359 /* Debug */,
				5AEBB0DC205407B800008359 /* Release */,
			);
			defaultConfigurationIsVisible = 0;
			defaultConfigurationName = Release;
		};
/* End XCConfigurationList section */
	};
	rootObject = 5AEBB0C0205407B800008359 /* Project object */;
}
